
Microsoft Visual Studio Solution File, Format Version 12.00
# Visual Studio Version 17
VisualStudioVersion = 17.2.32526.322
MinimumVisualStudioVersion = 10.0.40219.1
Project("{9A19103F-16F7-4668-BE54-9A1E7A4F7556}") = "HRManagementv2", "HRManagementv2\HRManagementv2.csproj", "{68C69012-A253-4E18-ACFF-710E19344C0F}"
EndProject
Global
	GlobalSection(SolutionConfigurationPlatforms) = preSolution
		Debug|Any CPU = Debug|Any CPU
		Release|Any CPU = Release|Any CPU
	EndGlobalSection
	GlobalSection(ProjectConfigurationPlatforms) = postSolution
		{68C69012-A253-4E18-ACFF-710E19344C0F}.Debug|Any CPU.ActiveCfg = Debug|Any CPU
		{68C69012-A253-4E18-ACFF-710E19344C0F}.Debug|Any CPU.Build.0 = Debug|Any CPU
		{68C69012-A253-4E18-ACFF-710E19344C0F}.Release|Any CPU.ActiveCfg = Release|Any CPU
		{68C69012-A253-4E18-ACFF-710E19344C0F}.Release|Any CPU.Build.0 = Release|Any CPU
	EndGlobalSection
	GlobalSection(SolutionProperties) = preSolution
		HideSolutionNode = FALSE
	EndGlobalSection
	GlobalSection(ExtensibilityGlobals) = postSolution
		SolutionGuid = {140A3EBF-B6E9-4909-A961-21F6CED89E2D}
	EndGlobalSection
EndGlobal
